{
  "name": "codex-genesis-harness",
  "version": "0.1.0",
  "lockfileVersion": 3,
  "requires": true,
  "packages": {
    "": {
      "name": "codex-genesis-harness",
      "version": "0.1.0",
      "hasInstallScript": true,
      "license": "MIT",
      "bin": {
        "genesis-harness": "bin/genesis-harness.js"
      },
      "engines": {
        "node": ">=18"
      }
    }
  }
}
